
Microsoft Visual Studio Solution File, Format Version 12.00
# Visual Studio 15
VisualStudioVersion = 15.0.27703.2018
MinimumVisualStudioVersion = 10.0.40219.1
Project("{FAE04EC0-301F-11D3-BF4B-00C04F79EFBC}") = "PrepFLExDB", "PrepFLExDB\PrepFLExDB.csproj", "{1C9C6F8C-05A7-4BD2-84CD-8C751DA518B0}"
	ProjectSection(ProjectDependencies) = postProject
		{D122CA85-EB21-4EC1-B5D4-3B80ED69857B} = {D122CA85-EB21-4EC1-B5D4-3B80ED69857B}
		{11B05990-0704-421D-A016-28ABDDACF337} = {11B05990-0704-421D-A016-28ABDDACF337}
	EndProjectSection
EndProject
Project("{FAE04EC0-301F-11D3-BF4B-00C04F79EFBC}") = "PrepFLExDBTests", "PrepFLExDBTests\PrepFLExDBTests.csproj", "{EAF09912-896A-466E-89AB-A1B3D16429E1}"
	ProjectSection(ProjectDependencies) = postProject
		{1C9C6F8C-05A7-4BD2-84CD-8C751DA518B0} = {1C9C6F8C-05A7-4BD2-84CD-8C751DA518B0}
		{11B05990-0704-421D-A016-28ABDDACF337} = {11B05990-0704-421D-A016-28ABDDACF337}
	EndProjectSection
EndProject
Project("{FAE04EC0-301F-11D3-BF4B-00C04F79EFBC}") = "LcmLoader", "LcmLoader\LcmLoader.csproj", "{11B05990-0704-421D-A016-28ABDDACF337}"
EndProject
Project("{FAE04EC0-301F-11D3-BF4B-00C04F79EFBC}") = "LcmLoaderTests", "LcmLoaderTests\LcmLoaderTests.csproj", "{5783F4CE-25D2-41A9-94A9-B40A9CD8E76B}"
	ProjectSection(ProjectDependencies) = postProject
		{11B05990-0704-421D-A016-28ABDDACF337} = {11B05990-0704-421D-A016-28ABDDACF337}
	EndProjectSection
EndProject
Project("{FAE04EC0-301F-11D3-BF4B-00C04F79EFBC}") = "PcPatrFLEx", "PcPatrFLEx\PcPatrFLEx.csproj", "{222677A1-2149-4309-9D61-F96D80D5233F}"
	ProjectSection(ProjectDependencies) = postProject
		{D122CA85-EB21-4EC1-B5D4-3B80ED69857B} = {D122CA85-EB21-4EC1-B5D4-3B80ED69857B}
		{11B05990-0704-421D-A016-28ABDDACF337} = {11B05990-0704-421D-A016-28ABDDACF337}
		{6279A591-0D6A-46DF-A536-BA9B66BA686B} = {6279A591-0D6A-46DF-A536-BA9B66BA686B}
		{1C52CDF8-7ACB-4CC7-AA46-B21FC32E05D5} = {1C52CDF8-7ACB-4CC7-AA46-B21FC32E05D5}
	EndProjectSection
EndProject
Project("{FAE04EC0-301F-11D3-BF4B-00C04F79EFBC}") = "LcmLoaderUI", "LcmLoaderUI\LcmLoaderUI.csproj", "{D122CA85-EB21-4EC1-B5D4-3B80ED69857B}"
	ProjectSection(ProjectDependencies) = postProject
		{11B05990-0704-421D-A016-28ABDDACF337} = {11B05990-0704-421D-A016-28ABDDACF337}
	EndProjectSection
EndProject
Project("{FAE04EC0-301F-11D3-BF4B-00C04F79EFBC}") = "PcPatrBrowserDll", "PcPatrBrowser\PcPatrBrowserDll\PcPatrBrowserDll.csproj", "{6279A591-0D6A-46DF-A536-BA9B66BA686B}"
	ProjectSection(ProjectDependencies) = postProject
		{C69C527F-9766-4A88-8B28-346B3CB1F628} = {C69C527F-9766-4A88-8B28-346B3CB1F628}
	EndProjectSection
EndProject
Project("{FAE04EC0-301F-11D3-BF4B-00C04F79EFBC}") = "DisambiguateInFLExDB", "DisambiguateInFLExDB\DisambiguateInFLExDB.csproj", "{1C52CDF8-7ACB-4CC7-AA46-B21FC32E05D5}"
	ProjectSection(ProjectDependencies) = postProject
		{D122CA85-EB21-4EC1-B5D4-3B80ED69857B} = {D122CA85-EB21-4EC1-B5D4-3B80ED69857B}
		{11B05990-0704-421D-A016-28ABDDACF337} = {11B05990-0704-421D-A016-28ABDDACF337}
	EndProjectSection
EndProject
Project("{FAE04EC0-301F-11D3-BF4B-00C04F79EFBC}") = "DisambiguateInFLExDBTests", "DisambiguateInFLExDBTests\DisambiguateInFLExDBTests.csproj", "{2D83ECFF-BABA-42FD-A1F3-AC1D32A9B992}"
	ProjectSection(ProjectDependencies) = postProject
		{D122CA85-EB21-4EC1-B5D4-3B80ED69857B} = {D122CA85-EB21-4EC1-B5D4-3B80ED69857B}
		{11B05990-0704-421D-A016-28ABDDACF337} = {11B05990-0704-421D-A016-28ABDDACF337}
		{1C52CDF8-7ACB-4CC7-AA46-B21FC32E05D5} = {1C52CDF8-7ACB-4CC7-AA46-B21FC32E05D5}
	EndProjectSection
EndProject
Project("{FAE04EC0-301F-11D3-BF4B-00C04F79EFBC}") = "LingTreeTree", "LingTreeTree\LingTreeTree.csproj", "{C69C527F-9766-4A88-8B28-346B3CB1F628}"
EndProject
Project("{FAE04EC0-301F-11D3-BF4B-00C04F79EFBC}") = "PcPatrFLExDll", "PcPatrFLExDll\PcPatrFLExDll.csproj", "{D2B5746C-7B2E-49A1-95C5-1F15AA919D57}"
EndProject
Global
	GlobalSection(SolutionConfigurationPlatforms) = preSolution
		Debug|Any CPU = Debug|Any CPU
		Debug|x64 = Debug|x64
		Debug|x86 = Debug|x86
		Release|Any CPU = Release|Any CPU
		Release|x64 = Release|x64
		Release|x86 = Release|x86
	EndGlobalSection
	GlobalSection(ProjectConfigurationPlatforms) = postSolution
		{1C9C6F8C-05A7-4BD2-84CD-8C751DA518B0}.Debug|Any CPU.ActiveCfg = Debug|Any CPU
		{1C9C6F8C-05A7-4BD2-84CD-8C751DA518B0}.Debug|Any CPU.Build.0 = Debug|Any CPU
		{1C9C6F8C-05A7-4BD2-84CD-8C751DA518B0}.Debug|x64.ActiveCfg = Debug|x64
		{1C9C6F8C-05A7-4BD2-84CD-8C751DA518B0}.Debug|x64.Build.0 = Debug|x64
		{1C9C6F8C-05A7-4BD2-84CD-8C751DA518B0}.Debug|x86.ActiveCfg = Debug|x86
		{1C9C6F8C-05A7-4BD2-84CD-8C751DA518B0}.Debug|x86.Build.0 = Debug|x86
		{1C9C6F8C-05A7-4BD2-84CD-8C751DA518B0}.Release|Any CPU.ActiveCfg = Release|Any CPU
		{1C9C6F8C-05A7-4BD2-84CD-8C751DA518B0}.Release|Any CPU.Build.0 = Release|Any CPU
		{1C9C6F8C-05A7-4BD2-84CD-8C751DA518B0}.Release|x64.ActiveCfg = Release|x64
		{1C9C6F8C-05A7-4BD2-84CD-8C751DA518B0}.Release|x64.Build.0 = Release|x64
		{1C9C6F8C-05A7-4BD2-84CD-8C751DA518B0}.Release|x86.ActiveCfg = Release|x86
		{1C9C6F8C-05A7-4BD2-84CD-8C751DA518B0}.Release|x86.Build.0 = Release|x86
		{EAF09912-896A-466E-89AB-A1B3D16429E1}.Debug|Any CPU.ActiveCfg = Debug|Any CPU
		{EAF09912-896A-466E-89AB-A1B3D16429E1}.Debug|Any CPU.Build.0 = Debug|Any CPU
		{EAF09912-896A-466E-89AB-A1B3D16429E1}.Debug|x64.ActiveCfg = Debug|x64
		{EAF09912-896A-466E-89AB-A1B3D16429E1}.Debug|x64.Build.0 = Debug|x64
		{EAF09912-896A-466E-89AB-A1B3D16429E1}.Debug|x86.ActiveCfg = Debug|x86
		{EAF09912-896A-466E-89AB-A1B3D16429E1}.Debug|x86.Build.0 = Debug|x86
		{EAF09912-896A-466E-89AB-A1B3D16429E1}.Release|Any CPU.ActiveCfg = Release|Any CPU
		{EAF09912-896A-466E-89AB-A1B3D16429E1}.Release|Any CPU.Build.0 = Release|Any CPU
		{EAF09912-896A-466E-89AB-A1B3D16429E1}.Release|x64.ActiveCfg = Release|x64
		{EAF09912-896A-466E-89AB-A1B3D16429E1}.Release|x64.Build.0 = Release|x64
		{EAF09912-896A-466E-89AB-A1B3D16429E1}.Release|x86.ActiveCfg = Release|x86
		{EAF09912-896A-466E-89AB-A1B3D16429E1}.Release|x86.Build.0 = Release|x86
		{11B05990-0704-421D-A016-28ABDDACF337}.Debug|Any CPU.ActiveCfg = Debug|Any CPU
		{11B05990-0704-421D-A016-28ABDDACF337}.Debug|Any CPU.Build.0 = Debug|Any CPU
		{11B05990-0704-421D-A016-28ABDDACF337}.Debug|x64.ActiveCfg = Debug|x64
		{11B05990-0704-421D-A016-28ABDDACF337}.Debug|x64.Build.0 = Debug|x64
		{11B05990-0704-421D-A016-28ABDDACF337}.Debug|x86.ActiveCfg = Debug|x86
		{11B05990-0704-421D-A016-28ABDDACF337}.Debug|x86.Build.0 = Debug|x86
		{11B05990-0704-421D-A016-28ABDDACF337}.Release|Any CPU.ActiveCfg = Release|Any CPU
		{11B05990-0704-421D-A016-28ABDDACF337}.Release|Any CPU.Build.0 = Release|Any CPU
		{11B05990-0704-421D-A016-28ABDDACF337}.Release|x64.ActiveCfg = Release|x64
		{11B05990-0704-421D-A016-28ABDDACF337}.Release|x64.Build.0 = Release|x64
		{11B05990-0704-421D-A016-28ABDDACF337}.Release|x86.ActiveCfg = Release|x86
		{11B05990-0704-421D-A016-28ABDDACF337}.Release|x86.Build.0 = Release|x86
		{5783F4CE-25D2-41A9-94A9-B40A9CD8E76B}.Debug|Any CPU.ActiveCfg = Debug|Any CPU
		{5783F4CE-25D2-41A9-94A9-B40A9CD8E76B}.Debug|Any CPU.Build.0 = Debug|Any CPU
		{5783F4CE-25D2-41A9-94A9-B40A9CD8E76B}.Debug|x64.ActiveCfg = Debug|x64
		{5783F4CE-25D2-41A9-94A9-B40A9CD8E76B}.Debug|x64.Build.0 = Debug|x64
		{5783F4CE-25D2-41A9-94A9-B40A9CD8E76B}.Debug|x86.ActiveCfg = Debug|x86
		{5783F4CE-25D2-41A9-94A9-B40A9CD8E76B}.Debug|x86.Build.0 = Debug|x86
		{5783F4CE-25D2-41A9-94A9-B40A9CD8E76B}.Release|Any CPU.ActiveCfg = Release|Any CPU
		{5783F4CE-25D2-41A9-94A9-B40A9CD8E76B}.Release|Any CPU.Build.0 = Release|Any CPU
		{5783F4CE-25D2-41A9-94A9-B40A9CD8E76B}.Release|x64.ActiveCfg = Release|x64
		{5783F4CE-25D2-41A9-94A9-B40A9CD8E76B}.Release|x64.Build.0 = Release|x64
		{5783F4CE-25D2-41A9-94A9-B40A9CD8E76B}.Release|x86.ActiveCfg = Release|x86
		{5783F4CE-25D2-41A9-94A9-B40A9CD8E76B}.Release|x86.Build.0 = Release|x86
		{222677A1-2149-4309-9D61-F96D80D5233F}.Debug|Any CPU.ActiveCfg = Debug|Any CPU
		{222677A1-2149-4309-9D61-F96D80D5233F}.Debug|Any CPU.Build.0 = Debug|Any CPU
		{222677A1-2149-4309-9D61-F96D80D5233F}.Debug|x64.ActiveCfg = Debug|x64
		{222677A1-2149-4309-9D61-F96D80D5233F}.Debug|x64.Build.0 = Debug|x64
		{222677A1-2149-4309-9D61-F96D80D5233F}.Debug|x86.ActiveCfg = Debug|x86
		{222677A1-2149-4309-9D61-F96D80D5233F}.Debug|x86.Build.0 = Debug|x86
		{222677A1-2149-4309-9D61-F96D80D5233F}.Release|Any CPU.ActiveCfg = Release|Any CPU
		{222677A1-2149-4309-9D61-F96D80D5233F}.Release|Any CPU.Build.0 = Release|Any CPU
		{222677A1-2149-4309-9D61-F96D80D5233F}.Release|x64.ActiveCfg = Release|x64
		{222677A1-2149-4309-9D61-F96D80D5233F}.Release|x64.Build.0 = Release|x64
		{222677A1-2149-4309-9D61-F96D80D5233F}.Release|x86.ActiveCfg = Release|x86
		{222677A1-2149-4309-9D61-F96D80D5233F}.Release|x86.Build.0 = Release|x86
		{D122CA85-EB21-4EC1-B5D4-3B80ED69857B}.Debug|Any CPU.ActiveCfg = Debug|Any CPU
		{D122CA85-EB21-4EC1-B5D4-3B80ED69857B}.Debug|Any CPU.Build.0 = Debug|Any CPU
		{D122CA85-EB21-4EC1-B5D4-3B80ED69857B}.Debug|x64.ActiveCfg = Debug|x64
		{D122CA85-EB21-4EC1-B5D4-3B80ED69857B}.Debug|x64.Build.0 = Debug|x64
		{D122CA85-EB21-4EC1-B5D4-3B80ED69857B}.Debug|x86.ActiveCfg = Debug|x86
		{D122CA85-EB21-4EC1-B5D4-3B80ED69857B}.Debug|x86.Build.0 = Debug|x86
		{D122CA85-EB21-4EC1-B5D4-3B80ED69857B}.Release|Any CPU.ActiveCfg = Release|Any CPU
		{D122CA85-EB21-4EC1-B5D4-3B80ED69857B}.Release|Any CPU.Build.0 = Release|Any CPU
		{D122CA85-EB21-4EC1-B5D4-3B80ED69857B}.Release|x64.ActiveCfg = Release|x64
		{D122CA85-EB21-4EC1-B5D4-3B80ED69857B}.Release|x64.Build.0 = Release|x64
		{D122CA85-EB21-4EC1-B5D4-3B80ED69857B}.Release|x86.ActiveCfg = Release|x86
		{D122CA85-EB21-4EC1-B5D4-3B80ED69857B}.Release|x86.Build.0 = Release|x86
		{6279A591-0D6A-46DF-A536-BA9B66BA686B}.Debug|Any CPU.ActiveCfg = Debug|Any CPU
		{6279A591-0D6A-46DF-A536-BA9B66BA686B}.Debug|Any CPU.Build.0 = Debug|Any CPU
		{6279A591-0D6A-46DF-A536-BA9B66BA686B}.Debug|x64.ActiveCfg = Debug|x64
		{6279A591-0D6A-46DF-A536-BA9B66BA686B}.Debug|x64.Build.0 = Debug|x64
		{6279A591-0D6A-46DF-A536-BA9B66BA686B}.Debug|x86.ActiveCfg = Debug|x86
		{6279A591-0D6A-46DF-A536-BA9B66BA686B}.Debug|x86.Build.0 = Debug|x86
		{6279A591-0D6A-46DF-A536-BA9B66BA686B}.Release|Any CPU.ActiveCfg = Release|Any CPU
		{6279A591-0D6A-46DF-A536-BA9B66BA686B}.Release|Any CPU.Build.0 = Release|Any CPU
		{6279A591-0D6A-46DF-A536-BA9B66BA686B}.Release|x64.ActiveCfg = Release|x64
		{6279A591-0D6A-46DF-A536-BA9B66BA686B}.Release|x64.Build.0 = Release|x64
		{6279A591-0D6A-46DF-A536-BA9B66BA686B}.Release|x86.ActiveCfg = Release|x86
		{6279A591-0D6A-46DF-A536-BA9B66BA686B}.Release|x86.Build.0 = Release|x86
		{1C52CDF8-7ACB-4CC7-AA46-B21FC32E05D5}.Debug|Any CPU.ActiveCfg = Debug|Any CPU
		{1C52CDF8-7ACB-4CC7-AA46-B21FC32E05D5}.Debug|Any CPU.Build.0 = Debug|Any CPU
		{1C52CDF8-7ACB-4CC7-AA46-B21FC32E05D5}.Debug|x64.ActiveCfg = Debug|x64
		{1C52CDF8-7ACB-4CC7-AA46-B21FC32E05D5}.Debug|x64.Build.0 = Debug|x64
		{1C52CDF8-7ACB-4CC7-AA46-B21FC32E05D5}.Debug|x86.ActiveCfg = Debug|x86
		{1C52CDF8-7ACB-4CC7-AA46-B21FC32E05D5}.Debug|x86.Build.0 = Debug|x86
		{1C52CDF8-7ACB-4CC7-AA46-B21FC32E05D5}.Release|Any CPU.ActiveCfg = Release|Any CPU
		{1C52CDF8-7ACB-4CC7-AA46-B21FC32E05D5}.Release|Any CPU.Build.0 = Release|Any CPU
		{1C52CDF8-7ACB-4CC7-AA46-B21FC32E05D5}.Release|x64.ActiveCfg = Release|x64
		{1C52CDF8-7ACB-4CC7-AA46-B21FC32E05D5}.Release|x64.Build.0 = Release|x64
		{1C52CDF8-7ACB-4CC7-AA46-B21FC32E05D5}.Release|x86.ActiveCfg = Release|x86
		{1C52CDF8-7ACB-4CC7-AA46-B21FC32E05D5}.Release|x86.Build.0 = Release|x86
		{2D83ECFF-BABA-42FD-A1F3-AC1D32A9B992}.Debug|Any CPU.ActiveCfg = Debug|Any CPU
		{2D83ECFF-BABA-42FD-A1F3-AC1D32A9B992}.Debug|Any CPU.Build.0 = Debug|Any CPU
		{2D83ECFF-BABA-42FD-A1F3-AC1D32A9B992}.Debug|x64.ActiveCfg = Debug|x64
		{2D83ECFF-BABA-42FD-A1F3-AC1D32A9B992}.Debug|x64.Build.0 = Debug|x64
		{2D83ECFF-BABA-42FD-A1F3-AC1D32A9B992}.Debug|x86.ActiveCfg = Debug|x86
		{2D83ECFF-BABA-42FD-A1F3-AC1D32A9B992}.Debug|x86.Build.0 = Debug|x86
		{2D83ECFF-BABA-42FD-A1F3-AC1D32A9B992}.Release|Any CPU.ActiveCfg = Release|Any CPU
		{2D83ECFF-BABA-42FD-A1F3-AC1D32A9B992}.Release|Any CPU.Build.0 = Release|Any CPU
		{2D83ECFF-BABA-42FD-A1F3-AC1D32A9B992}.Release|x64.ActiveCfg = Release|x64
		{2D83ECFF-BABA-42FD-A1F3-AC1D32A9B992}.Release|x64.Build.0 = Release|x64
		{2D83ECFF-BABA-42FD-A1F3-AC1D32A9B992}.Release|x86.ActiveCfg = Release|x86
		{2D83ECFF-BABA-42FD-A1F3-AC1D32A9B992}.Release|x86.Build.0 = Release|x86
		{C69C527F-9766-4A88-8B28-346B3CB1F628}.Debug|Any CPU.ActiveCfg = Debug|Any CPU
		{C69C527F-9766-4A88-8B28-346B3CB1F628}.Debug|Any CPU.Build.0 = Debug|Any CPU
		{C69C527F-9766-4A88-8B28-346B3CB1F628}.Debug|x64.ActiveCfg = Debug|x64
		{C69C527F-9766-4A88-8B28-346B3CB1F628}.Debug|x64.Build.0 = Debug|x64
		{C69C527F-9766-4A88-8B28-346B3CB1F628}.Debug|x86.ActiveCfg = Debug|x86
		{C69C527F-9766-4A88-8B28-346B3CB1F628}.Debug|x86.Build.0 = Debug|x86
		{C69C527F-9766-4A88-8B28-346B3CB1F628}.Release|Any CPU.ActiveCfg = Release|Any CPU
		{C69C527F-9766-4A88-8B28-346B3CB1F628}.Release|Any CPU.Build.0 = Release|Any CPU
		{C69C527F-9766-4A88-8B28-346B3CB1F628}.Release|x64.ActiveCfg = Release|x64
		{C69C527F-9766-4A88-8B28-346B3CB1F628}.Release|x64.Build.0 = Release|x64
		{C69C527F-9766-4A88-8B28-346B3CB1F628}.Release|x86.ActiveCfg = Release|Any CPU
		{C69C527F-9766-4A88-8B28-346B3CB1F628}.Release|x86.Build.0 = Release|Any CPU
		{D2B5746C-7B2E-49A1-95C5-1F15AA919D57}.Debug|Any CPU.ActiveCfg = Debug|Any CPU
		{D2B5746C-7B2E-49A1-95C5-1F15AA919D57}.Debug|Any CPU.Build.0 = Debug|Any CPU
		{D2B5746C-7B2E-49A1-95C5-1F15AA919D57}.Debug|x64.ActiveCfg = Debug|x64
		{D2B5746C-7B2E-49A1-95C5-1F15AA919D57}.Debug|x64.Build.0 = Debug|x64
		{D2B5746C-7B2E-49A1-95C5-1F15AA919D57}.Debug|x86.ActiveCfg = Debug|x86
		{D2B5746C-7B2E-49A1-95C5-1F15AA919D57}.Debug|x86.Build.0 = Debug|x86
		{D2B5746C-7B2E-49A1-95C5-1F15AA919D57}.Release|Any CPU.ActiveCfg = Release|Any CPU
		{D2B5746C-7B2E-49A1-95C5-1F15AA919D57}.Release|Any CPU.Build.0 = Release|Any CPU
		{D2B5746C-7B2E-49A1-95C5-1F15AA919D57}.Release|x64.ActiveCfg = Release|x64
		{D2B5746C-7B2E-49A1-95C5-1F15AA919D57}.Release|x64.Build.0 = Release|x64
		{D2B5746C-7B2E-49A1-95C5-1F15AA919D57}.Release|x86.ActiveCfg = Release|x86
		{D2B5746C-7B2E-49A1-95C5-1F15AA919D57}.Release|x86.Build.0 = Release|x86
	EndGlobalSection
	GlobalSection(SolutionProperties) = preSolution
		HideSolutionNode = FALSE
	EndGlobalSection
	GlobalSection(ExtensibilityGlobals) = postSolution
		SolutionGuid = {B6C75ED3-BD42-4E0F-ACA1-D82F17AEBE5C}
	EndGlobalSection
EndGlobal
