
Microsoft Visual Studio Solution File, Format Version 12.00
# Visual Studio 15
VisualStudioVersion = 15.0.27703.2018
MinimumVisualStudioVersion = 10.0.40219.1
Project("{FAE04EC0-301F-11D3-BF4B-00C04F79EFBC}") = "PrepFLExDB", "PrepFLExDB\PrepFLExDB.csproj", "{1C9C6F8C-05A7-4BD2-84CD-8C751DA518B0}"
EndProject
Project("{FAE04EC0-301F-11D3-BF4B-00C04F79EFBC}") = "SIL.LCModel", "..\LCModel\liblcm\src\SIL.LCModel\SIL.LCModel.csproj", "{E5E9DDC7-2855-4D92-AD46-960AC4C46457}"
EndProject
Project("{FAE04EC0-301F-11D3-BF4B-00C04F79EFBC}") = "SIL.LCModel.Utils", "..\LCModel\liblcm\src\SIL.LCModel.Utils\SIL.LCModel.Utils.csproj", "{4E4CE84F-BB35-416A-8E4F-B8C096DA32B7}"
EndProject
Project("{FAE04EC0-301F-11D3-BF4B-00C04F79EFBC}") = "SIL.LCModel.Core", "..\LCModel\liblcm\src\SIL.LCModel.Core\SIL.LCModel.Core.csproj", "{4C7D6B65-A331-4ED7-9B53-3301E714F8E7}"
EndProject
Project("{FAE04EC0-301F-11D3-BF4B-00C04F79EFBC}") = "SIL.LCModel.Build.Tasks", "..\LCModel\liblcm\src\SIL.LCModel.Build.Tasks\SIL.LCModel.Build.Tasks.csproj", "{5A9BADE9-763A-4B25-A65D-5E3EC044E4CF}"
EndProject
Project("{FAE04EC0-301F-11D3-BF4B-00C04F79EFBC}") = "PrepFLExDBTests", "PrepFLExDBTests\PrepFLExDBTests.csproj", "{EAF09912-896A-466E-89AB-A1B3D16429E1}"
EndProject
Project("{FAE04EC0-301F-11D3-BF4B-00C04F79EFBC}") = "LcmLoader", "LcmLoader\LcmLoader.csproj", "{11B05990-0704-421D-A016-28ABDDACF337}"
EndProject
Project("{FAE04EC0-301F-11D3-BF4B-00C04F79EFBC}") = "LcmLoaderTests", "LcmLoaderTests\LcmLoaderTests.csproj", "{5783F4CE-25D2-41A9-94A9-B40A9CD8E76B}"
EndProject
Project("{FAE04EC0-301F-11D3-BF4B-00C04F79EFBC}") = "DisambiguateSegmentInFLExDB", "DisambiguateSegmentInFLExDB\DisambiguateSegmentInFLExDB.csproj", "{1C52CDF8-7ACB-4CC7-AA46-B21FC32E05D5}"
EndProject
Project("{FAE04EC0-301F-11D3-BF4B-00C04F79EFBC}") = "DisambiguateSegmentInFLExDBTests", "DisambiguateSegmentInFLExDBTests\DisambiguateSegmentInFLExDBTests.csproj", "{2D83ECFF-BABA-42FD-A1F3-AC1D32A9B992}"
EndProject
Project("{FAE04EC0-301F-11D3-BF4B-00C04F79EFBC}") = "PcPatrFLEx", "PcPatrFLEx\PcPatrFLEx.csproj", "{222677A1-2149-4309-9D61-F96D80D5233F}"
EndProject
Project("{FAE04EC0-301F-11D3-BF4B-00C04F79EFBC}") = "ParserUI", "..\..\..\..\..\fwrepo\fw\Src\LexText\ParserUI\ParserUI.csproj", "{E0379EF6-D959-468B-B6F3-687DC06E5071}"
EndProject
Project("{FAE04EC0-301F-11D3-BF4B-00C04F79EFBC}") = "LcmLoaderUI", "LcmLoaderUI\LcmLoaderUI.csproj", "{D122CA85-EB21-4EC1-B5D4-3B80ED69857B}"
EndProject
Global
	GlobalSection(SolutionConfigurationPlatforms) = preSolution
		Debug|Any CPU = Debug|Any CPU
		Debug|x64 = Debug|x64
		Debug|x86 = Debug|x86
		Release|Any CPU = Release|Any CPU
		Release|x64 = Release|x64
		Release|x86 = Release|x86
	EndGlobalSection
	GlobalSection(ProjectConfigurationPlatforms) = postSolution
		{1C9C6F8C-05A7-4BD2-84CD-8C751DA518B0}.Debug|Any CPU.ActiveCfg = Debug|Any CPU
		{1C9C6F8C-05A7-4BD2-84CD-8C751DA518B0}.Debug|Any CPU.Build.0 = Debug|Any CPU
		{1C9C6F8C-05A7-4BD2-84CD-8C751DA518B0}.Debug|x64.ActiveCfg = Debug|Any CPU
		{1C9C6F8C-05A7-4BD2-84CD-8C751DA518B0}.Debug|x64.Build.0 = Debug|Any CPU
		{1C9C6F8C-05A7-4BD2-84CD-8C751DA518B0}.Debug|x86.ActiveCfg = Debug|x86
		{1C9C6F8C-05A7-4BD2-84CD-8C751DA518B0}.Debug|x86.Build.0 = Debug|x86
		{1C9C6F8C-05A7-4BD2-84CD-8C751DA518B0}.Release|Any CPU.ActiveCfg = Release|Any CPU
		{1C9C6F8C-05A7-4BD2-84CD-8C751DA518B0}.Release|Any CPU.Build.0 = Release|Any CPU
		{1C9C6F8C-05A7-4BD2-84CD-8C751DA518B0}.Release|x64.ActiveCfg = Release|Any CPU
		{1C9C6F8C-05A7-4BD2-84CD-8C751DA518B0}.Release|x64.Build.0 = Release|Any CPU
		{1C9C6F8C-05A7-4BD2-84CD-8C751DA518B0}.Release|x86.ActiveCfg = Release|Any CPU
		{1C9C6F8C-05A7-4BD2-84CD-8C751DA518B0}.Release|x86.Build.0 = Release|Any CPU
		{E5E9DDC7-2855-4D92-AD46-960AC4C46457}.Debug|Any CPU.ActiveCfg = Debug|Any CPU
		{E5E9DDC7-2855-4D92-AD46-960AC4C46457}.Debug|Any CPU.Build.0 = Debug|Any CPU
		{E5E9DDC7-2855-4D92-AD46-960AC4C46457}.Debug|x64.ActiveCfg = Debug|Any CPU
		{E5E9DDC7-2855-4D92-AD46-960AC4C46457}.Debug|x64.Build.0 = Debug|Any CPU
		{E5E9DDC7-2855-4D92-AD46-960AC4C46457}.Debug|x86.ActiveCfg = Debug|x86
		{E5E9DDC7-2855-4D92-AD46-960AC4C46457}.Release|Any CPU.ActiveCfg = Release|Any CPU
		{E5E9DDC7-2855-4D92-AD46-960AC4C46457}.Release|Any CPU.Build.0 = Release|Any CPU
		{E5E9DDC7-2855-4D92-AD46-960AC4C46457}.Release|x64.ActiveCfg = Release|Any CPU
		{E5E9DDC7-2855-4D92-AD46-960AC4C46457}.Release|x64.Build.0 = Release|Any CPU
		{E5E9DDC7-2855-4D92-AD46-960AC4C46457}.Release|x86.ActiveCfg = Release|x86
		{E5E9DDC7-2855-4D92-AD46-960AC4C46457}.Release|x86.Build.0 = Release|x86
		{4E4CE84F-BB35-416A-8E4F-B8C096DA32B7}.Debug|Any CPU.ActiveCfg = Debug|x86
		{4E4CE84F-BB35-416A-8E4F-B8C096DA32B7}.Debug|Any CPU.Build.0 = Debug|x86
		{4E4CE84F-BB35-416A-8E4F-B8C096DA32B7}.Debug|x64.ActiveCfg = Debug|x64
		{4E4CE84F-BB35-416A-8E4F-B8C096DA32B7}.Debug|x64.Build.0 = Debug|x64
		{4E4CE84F-BB35-416A-8E4F-B8C096DA32B7}.Debug|x86.ActiveCfg = Debug|x86
		{4E4CE84F-BB35-416A-8E4F-B8C096DA32B7}.Release|Any CPU.ActiveCfg = Release|x86
		{4E4CE84F-BB35-416A-8E4F-B8C096DA32B7}.Release|x64.ActiveCfg = Release|x64
		{4E4CE84F-BB35-416A-8E4F-B8C096DA32B7}.Release|x64.Build.0 = Release|x64
		{4E4CE84F-BB35-416A-8E4F-B8C096DA32B7}.Release|x86.ActiveCfg = Release|x86
		{4E4CE84F-BB35-416A-8E4F-B8C096DA32B7}.Release|x86.Build.0 = Release|x86
		{4C7D6B65-A331-4ED7-9B53-3301E714F8E7}.Debug|Any CPU.ActiveCfg = Debug|Any CPU
		{4C7D6B65-A331-4ED7-9B53-3301E714F8E7}.Debug|Any CPU.Build.0 = Debug|Any CPU
		{4C7D6B65-A331-4ED7-9B53-3301E714F8E7}.Debug|x64.ActiveCfg = Debug|Any CPU
		{4C7D6B65-A331-4ED7-9B53-3301E714F8E7}.Debug|x64.Build.0 = Debug|Any CPU
		{4C7D6B65-A331-4ED7-9B53-3301E714F8E7}.Debug|x86.ActiveCfg = Debug|x86
		{4C7D6B65-A331-4ED7-9B53-3301E714F8E7}.Release|Any CPU.ActiveCfg = Release|Any CPU
		{4C7D6B65-A331-4ED7-9B53-3301E714F8E7}.Release|Any CPU.Build.0 = Release|Any CPU
		{4C7D6B65-A331-4ED7-9B53-3301E714F8E7}.Release|x64.ActiveCfg = Release|Any CPU
		{4C7D6B65-A331-4ED7-9B53-3301E714F8E7}.Release|x64.Build.0 = Release|Any CPU
		{4C7D6B65-A331-4ED7-9B53-3301E714F8E7}.Release|x86.ActiveCfg = Release|x86
		{4C7D6B65-A331-4ED7-9B53-3301E714F8E7}.Release|x86.Build.0 = Release|x86
		{5A9BADE9-763A-4B25-A65D-5E3EC044E4CF}.Debug|Any CPU.ActiveCfg = Debug|Any CPU
		{5A9BADE9-763A-4B25-A65D-5E3EC044E4CF}.Debug|Any CPU.Build.0 = Debug|Any CPU
		{5A9BADE9-763A-4B25-A65D-5E3EC044E4CF}.Debug|x64.ActiveCfg = Debug|Any CPU
		{5A9BADE9-763A-4B25-A65D-5E3EC044E4CF}.Debug|x64.Build.0 = Debug|Any CPU
		{5A9BADE9-763A-4B25-A65D-5E3EC044E4CF}.Debug|x86.ActiveCfg = Debug|x86
		{5A9BADE9-763A-4B25-A65D-5E3EC044E4CF}.Release|Any CPU.ActiveCfg = Release|Any CPU
		{5A9BADE9-763A-4B25-A65D-5E3EC044E4CF}.Release|Any CPU.Build.0 = Release|Any CPU
		{5A9BADE9-763A-4B25-A65D-5E3EC044E4CF}.Release|x64.ActiveCfg = Release|Any CPU
		{5A9BADE9-763A-4B25-A65D-5E3EC044E4CF}.Release|x64.Build.0 = Release|Any CPU
		{5A9BADE9-763A-4B25-A65D-5E3EC044E4CF}.Release|x86.ActiveCfg = Release|Any CPU
		{5A9BADE9-763A-4B25-A65D-5E3EC044E4CF}.Release|x86.Build.0 = Release|Any CPU
		{EAF09912-896A-466E-89AB-A1B3D16429E1}.Debug|Any CPU.ActiveCfg = Debug|Any CPU
		{EAF09912-896A-466E-89AB-A1B3D16429E1}.Debug|Any CPU.Build.0 = Debug|Any CPU
		{EAF09912-896A-466E-89AB-A1B3D16429E1}.Debug|x64.ActiveCfg = Debug|Any CPU
		{EAF09912-896A-466E-89AB-A1B3D16429E1}.Debug|x64.Build.0 = Debug|Any CPU
		{EAF09912-896A-466E-89AB-A1B3D16429E1}.Debug|x86.ActiveCfg = Debug|x86
		{EAF09912-896A-466E-89AB-A1B3D16429E1}.Debug|x86.Build.0 = Debug|x86
		{EAF09912-896A-466E-89AB-A1B3D16429E1}.Release|Any CPU.ActiveCfg = Release|Any CPU
		{EAF09912-896A-466E-89AB-A1B3D16429E1}.Release|Any CPU.Build.0 = Release|Any CPU
		{EAF09912-896A-466E-89AB-A1B3D16429E1}.Release|x64.ActiveCfg = Release|Any CPU
		{EAF09912-896A-466E-89AB-A1B3D16429E1}.Release|x64.Build.0 = Release|Any CPU
		{EAF09912-896A-466E-89AB-A1B3D16429E1}.Release|x86.ActiveCfg = Release|Any CPU
		{EAF09912-896A-466E-89AB-A1B3D16429E1}.Release|x86.Build.0 = Release|Any CPU
		{11B05990-0704-421D-A016-28ABDDACF337}.Debug|Any CPU.ActiveCfg = Debug|Any CPU
		{11B05990-0704-421D-A016-28ABDDACF337}.Debug|Any CPU.Build.0 = Debug|Any CPU
		{11B05990-0704-421D-A016-28ABDDACF337}.Debug|x64.ActiveCfg = Debug|Any CPU
		{11B05990-0704-421D-A016-28ABDDACF337}.Debug|x64.Build.0 = Debug|Any CPU
		{11B05990-0704-421D-A016-28ABDDACF337}.Debug|x86.ActiveCfg = Debug|x86
		{11B05990-0704-421D-A016-28ABDDACF337}.Debug|x86.Build.0 = Debug|x86
		{11B05990-0704-421D-A016-28ABDDACF337}.Release|Any CPU.ActiveCfg = Release|Any CPU
		{11B05990-0704-421D-A016-28ABDDACF337}.Release|Any CPU.Build.0 = Release|Any CPU
		{11B05990-0704-421D-A016-28ABDDACF337}.Release|x64.ActiveCfg = Release|Any CPU
		{11B05990-0704-421D-A016-28ABDDACF337}.Release|x64.Build.0 = Release|Any CPU
		{11B05990-0704-421D-A016-28ABDDACF337}.Release|x86.ActiveCfg = Release|Any CPU
		{11B05990-0704-421D-A016-28ABDDACF337}.Release|x86.Build.0 = Release|Any CPU
		{5783F4CE-25D2-41A9-94A9-B40A9CD8E76B}.Debug|Any CPU.ActiveCfg = Debug|Any CPU
		{5783F4CE-25D2-41A9-94A9-B40A9CD8E76B}.Debug|Any CPU.Build.0 = Debug|Any CPU
		{5783F4CE-25D2-41A9-94A9-B40A9CD8E76B}.Debug|x64.ActiveCfg = Debug|Any CPU
		{5783F4CE-25D2-41A9-94A9-B40A9CD8E76B}.Debug|x64.Build.0 = Debug|Any CPU
		{5783F4CE-25D2-41A9-94A9-B40A9CD8E76B}.Debug|x86.ActiveCfg = Debug|x86
		{5783F4CE-25D2-41A9-94A9-B40A9CD8E76B}.Debug|x86.Build.0 = Debug|x86
		{5783F4CE-25D2-41A9-94A9-B40A9CD8E76B}.Release|Any CPU.ActiveCfg = Release|Any CPU
		{5783F4CE-25D2-41A9-94A9-B40A9CD8E76B}.Release|Any CPU.Build.0 = Release|Any CPU
		{5783F4CE-25D2-41A9-94A9-B40A9CD8E76B}.Release|x64.ActiveCfg = Release|Any CPU
		{5783F4CE-25D2-41A9-94A9-B40A9CD8E76B}.Release|x64.Build.0 = Release|Any CPU
		{5783F4CE-25D2-41A9-94A9-B40A9CD8E76B}.Release|x86.ActiveCfg = Release|Any CPU
		{5783F4CE-25D2-41A9-94A9-B40A9CD8E76B}.Release|x86.Build.0 = Release|Any CPU
		{1C52CDF8-7ACB-4CC7-AA46-B21FC32E05D5}.Debug|Any CPU.ActiveCfg = Debug|Any CPU
		{1C52CDF8-7ACB-4CC7-AA46-B21FC32E05D5}.Debug|Any CPU.Build.0 = Debug|Any CPU
		{1C52CDF8-7ACB-4CC7-AA46-B21FC32E05D5}.Debug|x64.ActiveCfg = Debug|Any CPU
		{1C52CDF8-7ACB-4CC7-AA46-B21FC32E05D5}.Debug|x64.Build.0 = Debug|Any CPU
		{1C52CDF8-7ACB-4CC7-AA46-B21FC32E05D5}.Debug|x86.ActiveCfg = Debug|x86
		{1C52CDF8-7ACB-4CC7-AA46-B21FC32E05D5}.Debug|x86.Build.0 = Debug|x86
		{1C52CDF8-7ACB-4CC7-AA46-B21FC32E05D5}.Release|Any CPU.ActiveCfg = Release|Any CPU
		{1C52CDF8-7ACB-4CC7-AA46-B21FC32E05D5}.Release|Any CPU.Build.0 = Release|Any CPU
		{1C52CDF8-7ACB-4CC7-AA46-B21FC32E05D5}.Release|x64.ActiveCfg = Release|Any CPU
		{1C52CDF8-7ACB-4CC7-AA46-B21FC32E05D5}.Release|x64.Build.0 = Release|Any CPU
		{1C52CDF8-7ACB-4CC7-AA46-B21FC32E05D5}.Release|x86.ActiveCfg = Release|Any CPU
		{1C52CDF8-7ACB-4CC7-AA46-B21FC32E05D5}.Release|x86.Build.0 = Release|Any CPU
		{2D83ECFF-BABA-42FD-A1F3-AC1D32A9B992}.Debug|Any CPU.ActiveCfg = Debug|Any CPU
		{2D83ECFF-BABA-42FD-A1F3-AC1D32A9B992}.Debug|Any CPU.Build.0 = Debug|Any CPU
		{2D83ECFF-BABA-42FD-A1F3-AC1D32A9B992}.Debug|x64.ActiveCfg = Debug|Any CPU
		{2D83ECFF-BABA-42FD-A1F3-AC1D32A9B992}.Debug|x64.Build.0 = Debug|Any CPU
		{2D83ECFF-BABA-42FD-A1F3-AC1D32A9B992}.Debug|x86.ActiveCfg = Debug|x86
		{2D83ECFF-BABA-42FD-A1F3-AC1D32A9B992}.Debug|x86.Build.0 = Debug|x86
		{2D83ECFF-BABA-42FD-A1F3-AC1D32A9B992}.Release|Any CPU.ActiveCfg = Release|Any CPU
		{2D83ECFF-BABA-42FD-A1F3-AC1D32A9B992}.Release|Any CPU.Build.0 = Release|Any CPU
		{2D83ECFF-BABA-42FD-A1F3-AC1D32A9B992}.Release|x64.ActiveCfg = Release|Any CPU
		{2D83ECFF-BABA-42FD-A1F3-AC1D32A9B992}.Release|x64.Build.0 = Release|Any CPU
		{2D83ECFF-BABA-42FD-A1F3-AC1D32A9B992}.Release|x86.ActiveCfg = Release|Any CPU
		{2D83ECFF-BABA-42FD-A1F3-AC1D32A9B992}.Release|x86.Build.0 = Release|Any CPU
		{222677A1-2149-4309-9D61-F96D80D5233F}.Debug|Any CPU.ActiveCfg = Debug|Any CPU
		{222677A1-2149-4309-9D61-F96D80D5233F}.Debug|Any CPU.Build.0 = Debug|Any CPU
		{222677A1-2149-4309-9D61-F96D80D5233F}.Debug|x64.ActiveCfg = Debug|Any CPU
		{222677A1-2149-4309-9D61-F96D80D5233F}.Debug|x64.Build.0 = Debug|Any CPU
		{222677A1-2149-4309-9D61-F96D80D5233F}.Debug|x86.ActiveCfg = Debug|x86
		{222677A1-2149-4309-9D61-F96D80D5233F}.Debug|x86.Build.0 = Debug|x86
		{222677A1-2149-4309-9D61-F96D80D5233F}.Release|Any CPU.ActiveCfg = Release|Any CPU
		{222677A1-2149-4309-9D61-F96D80D5233F}.Release|Any CPU.Build.0 = Release|Any CPU
		{222677A1-2149-4309-9D61-F96D80D5233F}.Release|x64.ActiveCfg = Release|Any CPU
		{222677A1-2149-4309-9D61-F96D80D5233F}.Release|x64.Build.0 = Release|Any CPU
		{222677A1-2149-4309-9D61-F96D80D5233F}.Release|x86.ActiveCfg = Release|Any CPU
		{222677A1-2149-4309-9D61-F96D80D5233F}.Release|x86.Build.0 = Release|Any CPU
		{E0379EF6-D959-468B-B6F3-687DC06E5071}.Debug|Any CPU.ActiveCfg = Debug|x86
		{E0379EF6-D959-468B-B6F3-687DC06E5071}.Debug|x64.ActiveCfg = Debug|x64
		{E0379EF6-D959-468B-B6F3-687DC06E5071}.Debug|x64.Build.0 = Debug|x64
		{E0379EF6-D959-468B-B6F3-687DC06E5071}.Debug|x86.ActiveCfg = Debug|x86
		{E0379EF6-D959-468B-B6F3-687DC06E5071}.Debug|x86.Build.0 = Debug|x86
		{E0379EF6-D959-468B-B6F3-687DC06E5071}.Release|Any CPU.ActiveCfg = Release|x86
		{E0379EF6-D959-468B-B6F3-687DC06E5071}.Release|x64.ActiveCfg = Release|x64
		{E0379EF6-D959-468B-B6F3-687DC06E5071}.Release|x64.Build.0 = Release|x64
		{E0379EF6-D959-468B-B6F3-687DC06E5071}.Release|x86.ActiveCfg = Release|x86
		{E0379EF6-D959-468B-B6F3-687DC06E5071}.Release|x86.Build.0 = Release|x86
		{D122CA85-EB21-4EC1-B5D4-3B80ED69857B}.Debug|Any CPU.ActiveCfg = Debug|Any CPU
		{D122CA85-EB21-4EC1-B5D4-3B80ED69857B}.Debug|Any CPU.Build.0 = Debug|Any CPU
		{D122CA85-EB21-4EC1-B5D4-3B80ED69857B}.Debug|x64.ActiveCfg = Debug|Any CPU
		{D122CA85-EB21-4EC1-B5D4-3B80ED69857B}.Debug|x64.Build.0 = Debug|Any CPU
		{D122CA85-EB21-4EC1-B5D4-3B80ED69857B}.Debug|x86.ActiveCfg = Debug|x86
		{D122CA85-EB21-4EC1-B5D4-3B80ED69857B}.Debug|x86.Build.0 = Debug|x86
		{D122CA85-EB21-4EC1-B5D4-3B80ED69857B}.Release|Any CPU.ActiveCfg = Release|Any CPU
		{D122CA85-EB21-4EC1-B5D4-3B80ED69857B}.Release|Any CPU.Build.0 = Release|Any CPU
		{D122CA85-EB21-4EC1-B5D4-3B80ED69857B}.Release|x64.ActiveCfg = Release|Any CPU
		{D122CA85-EB21-4EC1-B5D4-3B80ED69857B}.Release|x64.Build.0 = Release|Any CPU
		{D122CA85-EB21-4EC1-B5D4-3B80ED69857B}.Release|x86.ActiveCfg = Release|Any CPU
		{D122CA85-EB21-4EC1-B5D4-3B80ED69857B}.Release|x86.Build.0 = Release|Any CPU
	EndGlobalSection
	GlobalSection(SolutionProperties) = preSolution
		HideSolutionNode = FALSE
	EndGlobalSection
	GlobalSection(ExtensibilityGlobals) = postSolution
		SolutionGuid = {B6C75ED3-BD42-4E0F-ACA1-D82F17AEBE5C}
	EndGlobalSection
EndGlobal
